
Microsoft Visual Studio Solution File, Format Version 12.00
# Visual Studio Version 17
VisualStudioVersion = 17.8.34330.188
MinimumVisualStudioVersion = 10.0.40219.1
Project("{888888A0-9F3D-457C-B088-3A5042F75D52}") = "HotelAnalizator", "HotelAnalizator\HotelAnalizator.pyproj", "{51ED15C1-DB78-4CDC-B15E-0291043D8960}"
EndProject
Global
	GlobalSection(SolutionConfigurationPlatforms) = preSolution
		Debug|Any CPU = Debug|Any CPU
		Release|Any CPU = Release|Any CPU
	EndGlobalSection
	GlobalSection(ProjectConfigurationPlatforms) = postSolution
		{51ED15C1-DB78-4CDC-B15E-0291043D8960}.Debug|Any CPU.ActiveCfg = Debug|Any CPU
		{51ED15C1-DB78-4CDC-B15E-0291043D8960}.Release|Any CPU.ActiveCfg = Release|Any CPU
	EndGlobalSection
	GlobalSection(SolutionProperties) = preSolution
		HideSolutionNode = FALSE
	EndGlobalSection
	GlobalSection(ExtensibilityGlobals) = postSolution
		SolutionGuid = {D28F1C27-C5BD-49ED-8DC9-D0AB227AFD5E}
	EndGlobalSection
EndGlobal
